
Microsoft Visual Studio Solution File, Format Version 12.00
# Visual Studio Version 17
VisualStudioVersion = 17.0.31903.59
MinimumVisualStudioVersion = 10.0.40219.1
Project("{2150E333-8FDC-42A3-9474-1A3956D46DE8}") = "src", "src", "{827E0CD3-B72D-47B6-A68D-7590B98EB39B}"
EndProject
Project("{FAE04EC0-301F-11D3-BF4B-00C04F79EFBC}") = "UniversitySchedule.Domain", "src\UniversitySchedule.Domain\UniversitySchedule.Domain.csproj", "{5F8EBA30-3C27-4899-B4E7-74366F6A7532}"
EndProject
Project("{FAE04EC0-301F-11D3-BF4B-00C04F79EFBC}") = "UniversitySchedule.Application", "src\UniversitySchedule.Application\UniversitySchedule.Application.csproj", "{4F8B9DFF-014C-42C5-8562-D8ED70C4A8C1}"
EndProject
Project("{FAE04EC0-301F-11D3-BF4B-00C04F79EFBC}") = "UniversitySchedule.Contracts", "src\UniversitySchedule.Contracts\UniversitySchedule.Contracts.csproj", "{6DB12CA9-096F-4AB4-A206-36E0F6BF6731}"
EndProject
Project("{FAE04EC0-301F-11D3-BF4B-00C04F79EFBC}") = "UniversitySchedule.Infrastructure", "src\UniversitySchedule.Infrastructure\UniversitySchedule.Infrastructure.csproj", "{FE33ED6B-BF77-4C97-BACC-0887934733A2}"
EndProject
Project("{FAE04EC0-301F-11D3-BF4B-00C04F79EFBC}") = "UniversitySchedule.Api", "src\UniversitySchedule.Api\UniversitySchedule.Api.csproj", "{00ED0D98-9A61-4715-8747-4E81885EF1BD}"
EndProject
Project("{FAE04EC0-301F-11D3-BF4B-00C04F79EFBC}") = "UniversitySchedule.ScheduleImporter", "src\UniversitySchedule.ScheduleImporter\UniversitySchedule.ScheduleImporter.csproj", "{2C0A2817-6CD6-472C-87D3-094BEBDDBA20}"
EndProject
Project("{FAE04EC0-301F-11D3-BF4B-00C04F79EFBC}") = "UniversitySchedule.Mobile.Core", "src\UniversitySchedule.Mobile.Core\UniversitySchedule.Mobile.Core.csproj", "{960E738B-3749-4E78-B53D-001F6BD7FB41}"
EndProject
Project("{FAE04EC0-301F-11D3-BF4B-00C04F79EFBC}") = "UniversitySchedule.Mobile", "src\UniversitySchedule.Mobile\UniversitySchedule.Mobile.csproj", "{DC5FF7F8-08D5-4D56-B2AC-EB2DFCE6AC9B}"
EndProject
Project("{2150E333-8FDC-42A3-9474-1A3956D46DE8}") = "tests", "tests", "{0AB3BF05-4346-4AA6-1389-037BE0695223}"
EndProject
Project("{FAE04EC0-301F-11D3-BF4B-00C04F79EFBC}") = "UniversitySchedule.Domain.Tests", "tests\UniversitySchedule.Domain.Tests\UniversitySchedule.Domain.Tests.csproj", "{20197C88-95E8-4146-A98B-58CC150DCB56}"
EndProject
Project("{FAE04EC0-301F-11D3-BF4B-00C04F79EFBC}") = "UniversitySchedule.Application.Tests", "tests\UniversitySchedule.Application.Tests\UniversitySchedule.Application.Tests.csproj", "{ABB6C86E-E147-420F-BDC1-0BD1DE3E0FB5}"
EndProject
Project("{FAE04EC0-301F-11D3-BF4B-00C04F79EFBC}") = "UniversitySchedule.Infrastructure.IntegrationTests", "tests\UniversitySchedule.Infrastructure.IntegrationTests\UniversitySchedule.Infrastructure.IntegrationTests.csproj", "{5AE1A81E-2DE0-46D1-94BE-32ADB07E7E09}"
EndProject
Project("{FAE04EC0-301F-11D3-BF4B-00C04F79EFBC}") = "UniversitySchedule.Api.IntegrationTests", "tests\UniversitySchedule.Api.IntegrationTests\UniversitySchedule.Api.IntegrationTests.csproj", "{C51A68AB-E767-4938-9C16-6A0CFBF0A93A}"
EndProject
Project("{FAE04EC0-301F-11D3-BF4B-00C04F79EFBC}") = "UniversitySchedule.Importer.Tests", "tests\UniversitySchedule.Importer.Tests\UniversitySchedule.Importer.Tests.csproj", "{9359231F-B134-478D-9FA4-8A466AC50358}"
EndProject
Project("{FAE04EC0-301F-11D3-BF4B-00C04F79EFBC}") = "UniversitySchedule.Mobile.Core.Tests", "tests\UniversitySchedule.Mobile.Core.Tests\UniversitySchedule.Mobile.Core.Tests.csproj", "{E370C7AC-CB30-41AC-90A8-B9A6D726BF3E}"
EndProject
Global
	GlobalSection(SolutionConfigurationPlatforms) = preSolution
		Debug|Any CPU = Debug|Any CPU
		Debug|x64 = Debug|x64
		Debug|x86 = Debug|x86
		Release|Any CPU = Release|Any CPU
		Release|x64 = Release|x64
		Release|x86 = Release|x86
	EndGlobalSection
	GlobalSection(ProjectConfigurationPlatforms) = postSolution
		{5F8EBA30-3C27-4899-B4E7-74366F6A7532}.Debug|Any CPU.ActiveCfg = Debug|Any CPU
		{5F8EBA30-3C27-4899-B4E7-74366F6A7532}.Debug|Any CPU.Build.0 = Debug|Any CPU
		{5F8EBA30-3C27-4899-B4E7-74366F6A7532}.Debug|x64.ActiveCfg = Debug|Any CPU
		{5F8EBA30-3C27-4899-B4E7-74366F6A7532}.Debug|x64.Build.0 = Debug|Any CPU
		{5F8EBA30-3C27-4899-B4E7-74366F6A7532}.Debug|x86.ActiveCfg = Debug|Any CPU
		{5F8EBA30-3C27-4899-B4E7-74366F6A7532}.Debug|x86.Build.0 = Debug|Any CPU
		{5F8EBA30-3C27-4899-B4E7-74366F6A7532}.Release|Any CPU.ActiveCfg = Release|Any CPU
		{5F8EBA30-3C27-4899-B4E7-74366F6A7532}.Release|Any CPU.Build.0 = Release|Any CPU
		{5F8EBA30-3C27-4899-B4E7-74366F6A7532}.Release|x64.ActiveCfg = Release|Any CPU
		{5F8EBA30-3C27-4899-B4E7-74366F6A7532}.Release|x64.Build.0 = Release|Any CPU
		{5F8EBA30-3C27-4899-B4E7-74366F6A7532}.Release|x86.ActiveCfg = Release|Any CPU
		{5F8EBA30-3C27-4899-B4E7-74366F6A7532}.Release|x86.Build.0 = Release|Any CPU
		{4F8B9DFF-014C-42C5-8562-D8ED70C4A8C1}.Debug|Any CPU.ActiveCfg = Debug|Any CPU
		{4F8B9DFF-014C-42C5-8562-D8ED70C4A8C1}.Debug|Any CPU.Build.0 = Debug|Any CPU
		{4F8B9DFF-014C-42C5-8562-D8ED70C4A8C1}.Debug|x64.ActiveCfg = Debug|Any CPU
		{4F8B9DFF-014C-42C5-8562-D8ED70C4A8C1}.Debug|x64.Build.0 = Debug|Any CPU
		{4F8B9DFF-014C-42C5-8562-D8ED70C4A8C1}.Debug|x86.ActiveCfg = Debug|Any CPU
		{4F8B9DFF-014C-42C5-8562-D8ED70C4A8C1}.Debug|x86.Build.0 = Debug|Any CPU
		{4F8B9DFF-014C-42C5-8562-D8ED70C4A8C1}.Release|Any CPU.ActiveCfg = Release|Any CPU
		{4F8B9DFF-014C-42C5-8562-D8ED70C4A8C1}.Release|Any CPU.Build.0 = Release|Any CPU
		{4F8B9DFF-014C-42C5-8562-D8ED70C4A8C1}.Release|x64.ActiveCfg = Release|Any CPU
		{4F8B9DFF-014C-42C5-8562-D8ED70C4A8C1}.Release|x64.Build.0 = Release|Any CPU
		{4F8B9DFF-014C-42C5-8562-D8ED70C4A8C1}.Release|x86.ActiveCfg = Release|Any CPU
		{4F8B9DFF-014C-42C5-8562-D8ED70C4A8C1}.Release|x86.Build.0 = Release|Any CPU
		{6DB12CA9-096F-4AB4-A206-36E0F6BF6731}.Debug|Any CPU.ActiveCfg = Debug|Any CPU
		{6DB12CA9-096F-4AB4-A206-36E0F6BF6731}.Debug|Any CPU.Build.0 = Debug|Any CPU
		{6DB12CA9-096F-4AB4-A206-36E0F6BF6731}.Debug|x64.ActiveCfg = Debug|Any CPU
		{6DB12CA9-096F-4AB4-A206-36E0F6BF6731}.Debug|x64.Build.0 = Debug|Any CPU
		{6DB12CA9-096F-4AB4-A206-36E0F6BF6731}.Debug|x86.ActiveCfg = Debug|Any CPU
		{6DB12CA9-096F-4AB4-A206-36E0F6BF6731}.Debug|x86.Build.0 = Debug|Any CPU
		{6DB12CA9-096F-4AB4-A206-36E0F6BF6731}.Release|Any CPU.ActiveCfg = Release|Any CPU
		{6DB12CA9-096F-4AB4-A206-36E0F6BF6731}.Release|Any CPU.Build.0 = Release|Any CPU
		{6DB12CA9-096F-4AB4-A206-36E0F6BF6731}.Release|x64.ActiveCfg = Release|Any CPU
		{6DB12CA9-096F-4AB4-A206-36E0F6BF6731}.Release|x64.Build.0 = Release|Any CPU
		{6DB12CA9-096F-4AB4-A206-36E0F6BF6731}.Release|x86.ActiveCfg = Release|Any CPU
		{6DB12CA9-096F-4AB4-A206-36E0F6BF6731}.Release|x86.Build.0 = Release|Any CPU
		{FE33ED6B-BF77-4C97-BACC-0887934733A2}.Debug|Any CPU.ActiveCfg = Debug|Any CPU
		{FE33ED6B-BF77-4C97-BACC-0887934733A2}.Debug|Any CPU.Build.0 = Debug|Any CPU
		{FE33ED6B-BF77-4C97-BACC-0887934733A2}.Debug|x64.ActiveCfg = Debug|Any CPU
		{FE33ED6B-BF77-4C97-BACC-0887934733A2}.Debug|x64.Build.0 = Debug|Any CPU
		{FE33ED6B-BF77-4C97-BACC-0887934733A2}.Debug|x86.ActiveCfg = Debug|Any CPU
		{FE33ED6B-BF77-4C97-BACC-0887934733A2}.Debug|x86.Build.0 = Debug|Any CPU
		{FE33ED6B-BF77-4C97-BACC-0887934733A2}.Release|Any CPU.ActiveCfg = Release|Any CPU
		{FE33ED6B-BF77-4C97-BACC-0887934733A2}.Release|Any CPU.Build.0 = Release|Any CPU
		{FE33ED6B-BF77-4C97-BACC-0887934733A2}.Release|x64.ActiveCfg = Release|Any CPU
		{FE33ED6B-BF77-4C97-BACC-0887934733A2}.Release|x64.Build.0 = Release|Any CPU
		{FE33ED6B-BF77-4C97-BACC-0887934733A2}.Release|x86.ActiveCfg = Release|Any CPU
		{FE33ED6B-BF77-4C97-BACC-0887934733A2}.Release|x86.Build.0 = Release|Any CPU
		{00ED0D98-9A61-4715-8747-4E81885EF1BD}.Debug|Any CPU.ActiveCfg = Debug|Any CPU
		{00ED0D98-9A61-4715-8747-4E81885EF1BD}.Debug|Any CPU.Build.0 = Debug|Any CPU
		{00ED0D98-9A61-4715-8747-4E81885EF1BD}.Debug|x64.ActiveCfg = Debug|Any CPU
		{00ED0D98-9A61-4715-8747-4E81885EF1BD}.Debug|x64.Build.0 = Debug|Any CPU
		{00ED0D98-9A61-4715-8747-4E81885EF1BD}.Debug|x86.ActiveCfg = Debug|Any CPU
		{00ED0D98-9A61-4715-8747-4E81885EF1BD}.Debug|x86.Build.0 = Debug|Any CPU
		{00ED0D98-9A61-4715-8747-4E81885EF1BD}.Release|Any CPU.ActiveCfg = Release|Any CPU
		{00ED0D98-9A61-4715-8747-4E81885EF1BD}.Release|Any CPU.Build.0 = Release|Any CPU
		{00ED0D98-9A61-4715-8747-4E81885EF1BD}.Release|x64.ActiveCfg = Release|Any CPU
		{00ED0D98-9A61-4715-8747-4E81885EF1BD}.Release|x64.Build.0 = Release|Any CPU
		{00ED0D98-9A61-4715-8747-4E81885EF1BD}.Release|x86.ActiveCfg = Release|Any CPU
		{00ED0D98-9A61-4715-8747-4E81885EF1BD}.Release|x86.Build.0 = Release|Any CPU
		{2C0A2817-6CD6-472C-87D3-094BEBDDBA20}.Debug|Any CPU.ActiveCfg = Debug|Any CPU
		{2C0A2817-6CD6-472C-87D3-094BEBDDBA20}.Debug|Any CPU.Build.0 = Debug|Any CPU
		{2C0A2817-6CD6-472C-87D3-094BEBDDBA20}.Debug|x64.ActiveCfg = Debug|Any CPU
		{2C0A2817-6CD6-472C-87D3-094BEBDDBA20}.Debug|x64.Build.0 = Debug|Any CPU
		{2C0A2817-6CD6-472C-87D3-094BEBDDBA20}.Debug|x86.ActiveCfg = Debug|Any CPU
		{2C0A2817-6CD6-472C-87D3-094BEBDDBA20}.Debug|x86.Build.0 = Debug|Any CPU
		{2C0A2817-6CD6-472C-87D3-094BEBDDBA20}.Release|Any CPU.ActiveCfg = Release|Any CPU
		{2C0A2817-6CD6-472C-87D3-094BEBDDBA20}.Release|Any CPU.Build.0 = Release|Any CPU
		{2C0A2817-6CD6-472C-87D3-094BEBDDBA20}.Release|x64.ActiveCfg = Release|Any CPU
		{2C0A2817-6CD6-472C-87D3-094BEBDDBA20}.Release|x64.Build.0 = Release|Any CPU
		{2C0A2817-6CD6-472C-87D3-094BEBDDBA20}.Release|x86.ActiveCfg = Release|Any CPU
		{2C0A2817-6CD6-472C-87D3-094BEBDDBA20}.Release|x86.Build.0 = Release|Any CPU
		{960E738B-3749-4E78-B53D-001F6BD7FB41}.Debug|Any CPU.ActiveCfg = Debug|Any CPU
		{960E738B-3749-4E78-B53D-001F6BD7FB41}.Debug|Any CPU.Build.0 = Debug|Any CPU
		{960E738B-3749-4E78-B53D-001F6BD7FB41}.Debug|x64.ActiveCfg = Debug|Any CPU
		{960E738B-3749-4E78-B53D-001F6BD7FB41}.Debug|x64.Build.0 = Debug|Any CPU
		{960E738B-3749-4E78-B53D-001F6BD7FB41}.Debug|x86.ActiveCfg = Debug|Any CPU
		{960E738B-3749-4E78-B53D-001F6BD7FB41}.Debug|x86.Build.0 = Debug|Any CPU
		{960E738B-3749-4E78-B53D-001F6BD7FB41}.Release|Any CPU.ActiveCfg = Release|Any CPU
		{960E738B-3749-4E78-B53D-001F6BD7FB41}.Release|Any CPU.Build.0 = Release|Any CPU
		{960E738B-3749-4E78-B53D-001F6BD7FB41}.Release|x64.ActiveCfg = Release|Any CPU
		{960E738B-3749-4E78-B53D-001F6BD7FB41}.Release|x64.Build.0 = Release|Any CPU
		{960E738B-3749-4E78-B53D-001F6BD7FB41}.Release|x86.ActiveCfg = Release|Any CPU
		{960E738B-3749-4E78-B53D-001F6BD7FB41}.Release|x86.Build.0 = Release|Any CPU
		{DC5FF7F8-08D5-4D56-B2AC-EB2DFCE6AC9B}.Debug|Any CPU.ActiveCfg = Debug|Any CPU
		{DC5FF7F8-08D5-4D56-B2AC-EB2DFCE6AC9B}.Debug|Any CPU.Build.0 = Debug|Any CPU
		{DC5FF7F8-08D5-4D56-B2AC-EB2DFCE6AC9B}.Debug|x64.ActiveCfg = Debug|Any CPU
		{DC5FF7F8-08D5-4D56-B2AC-EB2DFCE6AC9B}.Debug|x64.Build.0 = Debug|Any CPU
		{DC5FF7F8-08D5-4D56-B2AC-EB2DFCE6AC9B}.Debug|x86.ActiveCfg = Debug|Any CPU
		{DC5FF7F8-08D5-4D56-B2AC-EB2DFCE6AC9B}.Debug|x86.Build.0 = Debug|Any CPU
		{DC5FF7F8-08D5-4D56-B2AC-EB2DFCE6AC9B}.Release|Any CPU.ActiveCfg = Release|Any CPU
		{DC5FF7F8-08D5-4D56-B2AC-EB2DFCE6AC9B}.Release|Any CPU.Build.0 = Release|Any CPU
		{DC5FF7F8-08D5-4D56-B2AC-EB2DFCE6AC9B}.Release|x64.ActiveCfg = Release|Any CPU
		{DC5FF7F8-08D5-4D56-B2AC-EB2DFCE6AC9B}.Release|x64.Build.0 = Release|Any CPU
		{DC5FF7F8-08D5-4D56-B2AC-EB2DFCE6AC9B}.Release|x86.ActiveCfg = Release|Any CPU
		{DC5FF7F8-08D5-4D56-B2AC-EB2DFCE6AC9B}.Release|x86.Build.0 = Release|Any CPU
		{20197C88-95E8-4146-A98B-58CC150DCB56}.Debug|Any CPU.ActiveCfg = Debug|Any CPU
		{20197C88-95E8-4146-A98B-58CC150DCB56}.Debug|Any CPU.Build.0 = Debug|Any CPU
		{20197C88-95E8-4146-A98B-58CC150DCB56}.Debug|x64.ActiveCfg = Debug|Any CPU
		{20197C88-95E8-4146-A98B-58CC150DCB56}.Debug|x64.Build.0 = Debug|Any CPU
		{20197C88-95E8-4146-A98B-58CC150DCB56}.Debug|x86.ActiveCfg = Debug|Any CPU
		{20197C88-95E8-4146-A98B-58CC150DCB56}.Debug|x86.Build.0 = Debug|Any CPU
		{20197C88-95E8-4146-A98B-58CC150DCB56}.Release|Any CPU.ActiveCfg = Release|Any CPU
		{20197C88-95E8-4146-A98B-58CC150DCB56}.Release|Any CPU.Build.0 = Release|Any CPU
		{20197C88-95E8-4146-A98B-58CC150DCB56}.Release|x64.ActiveCfg = Release|Any CPU
		{20197C88-95E8-4146-A98B-58CC150DCB56}.Release|x64.Build.0 = Release|Any CPU
		{20197C88-95E8-4146-A98B-58CC150DCB56}.Release|x86.ActiveCfg = Release|Any CPU
		{20197C88-95E8-4146-A98B-58CC150DCB56}.Release|x86.Build.0 = Release|Any CPU
		{ABB6C86E-E147-420F-BDC1-0BD1DE3E0FB5}.Debug|Any CPU.ActiveCfg = Debug|Any CPU
		{ABB6C86E-E147-420F-BDC1-0BD1DE3E0FB5}.Debug|Any CPU.Build.0 = Debug|Any CPU
		{ABB6C86E-E147-420F-BDC1-0BD1DE3E0FB5}.Debug|x64.ActiveCfg = Debug|Any CPU
		{ABB6C86E-E147-420F-BDC1-0BD1DE3E0FB5}.Debug|x64.Build.0 = Debug|Any CPU
		{ABB6C86E-E147-420F-BDC1-0BD1DE3E0FB5}.Debug|x86.ActiveCfg = Debug|Any CPU
		{ABB6C86E-E147-420F-BDC1-0BD1DE3E0FB5}.Debug|x86.Build.0 = Debug|Any CPU
		{ABB6C86E-E147-420F-BDC1-0BD1DE3E0FB5}.Release|Any CPU.ActiveCfg = Release|Any CPU
		{ABB6C86E-E147-420F-BDC1-0BD1DE3E0FB5}.Release|Any CPU.Build.0 = Release|Any CPU
		{ABB6C86E-E147-420F-BDC1-0BD1DE3E0FB5}.Release|x64.ActiveCfg = Release|Any CPU
		{ABB6C86E-E147-420F-BDC1-0BD1DE3E0FB5}.Release|x64.Build.0 = Release|Any CPU
		{ABB6C86E-E147-420F-BDC1-0BD1DE3E0FB5}.Release|x86.ActiveCfg = Release|Any CPU
		{ABB6C86E-E147-420F-BDC1-0BD1DE3E0FB5}.Release|x86.Build.0 = Release|Any CPU
		{5AE1A81E-2DE0-46D1-94BE-32ADB07E7E09}.Debug|Any CPU.ActiveCfg = Debug|Any CPU
		{5AE1A81E-2DE0-46D1-94BE-32ADB07E7E09}.Debug|Any CPU.Build.0 = Debug|Any CPU
		{5AE1A81E-2DE0-46D1-94BE-32ADB07E7E09}.Debug|x64.ActiveCfg = Debug|Any CPU
		{5AE1A81E-2DE0-46D1-94BE-32ADB07E7E09}.Debug|x64.Build.0 = Debug|Any CPU
		{5AE1A81E-2DE0-46D1-94BE-32ADB07E7E09}.Debug|x86.ActiveCfg = Debug|Any CPU
		{5AE1A81E-2DE0-46D1-94BE-32ADB07E7E09}.Debug|x86.Build.0 = Debug|Any CPU
		{5AE1A81E-2DE0-46D1-94BE-32ADB07E7E09}.Release|Any CPU.ActiveCfg = Release|Any CPU
		{5AE1A81E-2DE0-46D1-94BE-32ADB07E7E09}.Release|Any CPU.Build.0 = Release|Any CPU
		{5AE1A81E-2DE0-46D1-94BE-32ADB07E7E09}.Release|x64.ActiveCfg = Release|Any CPU
		{5AE1A81E-2DE0-46D1-94BE-32ADB07E7E09}.Release|x64.Build.0 = Release|Any CPU
		{5AE1A81E-2DE0-46D1-94BE-32ADB07E7E09}.Release|x86.ActiveCfg = Release|Any CPU
		{5AE1A81E-2DE0-46D1-94BE-32ADB07E7E09}.Release|x86.Build.0 = Release|Any CPU
		{C51A68AB-E767-4938-9C16-6A0CFBF0A93A}.Debug|Any CPU.ActiveCfg = Debug|Any CPU
		{C51A68AB-E767-4938-9C16-6A0CFBF0A93A}.Debug|Any CPU.Build.0 = Debug|Any CPU
		{C51A68AB-E767-4938-9C16-6A0CFBF0A93A}.Debug|x64.ActiveCfg = Debug|Any CPU
		{C51A68AB-E767-4938-9C16-6A0CFBF0A93A}.Debug|x64.Build.0 = Debug|Any CPU
		{C51A68AB-E767-4938-9C16-6A0CFBF0A93A}.Debug|x86.ActiveCfg = Debug|Any CPU
		{C51A68AB-E767-4938-9C16-6A0CFBF0A93A}.Debug|x86.Build.0 = Debug|Any CPU
		{C51A68AB-E767-4938-9C16-6A0CFBF0A93A}.Release|Any CPU.ActiveCfg = Release|Any CPU
		{C51A68AB-E767-4938-9C16-6A0CFBF0A93A}.Release|Any CPU.Build.0 = Release|Any CPU
		{C51A68AB-E767-4938-9C16-6A0CFBF0A93A}.Release|x64.ActiveCfg = Release|Any CPU
		{C51A68AB-E767-4938-9C16-6A0CFBF0A93A}.Release|x64.Build.0 = Release|Any CPU
		{C51A68AB-E767-4938-9C16-6A0CFBF0A93A}.Release|x86.ActiveCfg = Release|Any CPU
		{C51A68AB-E767-4938-9C16-6A0CFBF0A93A}.Release|x86.Build.0 = Release|Any CPU
		{9359231F-B134-478D-9FA4-8A466AC50358}.Debug|Any CPU.ActiveCfg = Debug|Any CPU
		{9359231F-B134-478D-9FA4-8A466AC50358}.Debug|Any CPU.Build.0 = Debug|Any CPU
		{9359231F-B134-478D-9FA4-8A466AC50358}.Debug|x64.ActiveCfg = Debug|Any CPU
		{9359231F-B134-478D-9FA4-8A466AC50358}.Debug|x64.Build.0 = Debug|Any CPU
		{9359231F-B134-478D-9FA4-8A466AC50358}.Debug|x86.ActiveCfg = Debug|Any CPU
		{9359231F-B134-478D-9FA4-8A466AC50358}.Debug|x86.Build.0 = Debug|Any CPU
		{9359231F-B134-478D-9FA4-8A466AC50358}.Release|Any CPU.ActiveCfg = Release|Any CPU
		{9359231F-B134-478D-9FA4-8A466AC50358}.Release|Any CPU.Build.0 = Release|Any CPU
		{9359231F-B134-478D-9FA4-8A466AC50358}.Release|x64.ActiveCfg = Release|Any CPU
		{9359231F-B134-478D-9FA4-8A466AC50358}.Release|x64.Build.0 = Release|Any CPU
		{9359231F-B134-478D-9FA4-8A466AC50358}.Release|x86.ActiveCfg = Release|Any CPU
		{9359231F-B134-478D-9FA4-8A466AC50358}.Release|x86.Build.0 = Release|Any CPU
		{E370C7AC-CB30-41AC-90A8-B9A6D726BF3E}.Debug|Any CPU.ActiveCfg = Debug|Any CPU
		{E370C7AC-CB30-41AC-90A8-B9A6D726BF3E}.Debug|Any CPU.Build.0 = Debug|Any CPU
		{E370C7AC-CB30-41AC-90A8-B9A6D726BF3E}.Debug|x64.ActiveCfg = Debug|Any CPU
		{E370C7AC-CB30-41AC-90A8-B9A6D726BF3E}.Debug|x64.Build.0 = Debug|Any CPU
		{E370C7AC-CB30-41AC-90A8-B9A6D726BF3E}.Debug|x86.ActiveCfg = Debug|Any CPU
		{E370C7AC-CB30-41AC-90A8-B9A6D726BF3E}.Debug|x86.Build.0 = Debug|Any CPU
		{E370C7AC-CB30-41AC-90A8-B9A6D726BF3E}.Release|Any CPU.ActiveCfg = Release|Any CPU
		{E370C7AC-CB30-41AC-90A8-B9A6D726BF3E}.Release|Any CPU.Build.0 = Release|Any CPU
		{E370C7AC-CB30-41AC-90A8-B9A6D726BF3E}.Release|x64.ActiveCfg = Release|Any CPU
		{E370C7AC-CB30-41AC-90A8-B9A6D726BF3E}.Release|x64.Build.0 = Release|Any CPU
		{E370C7AC-CB30-41AC-90A8-B9A6D726BF3E}.Release|x86.ActiveCfg = Release|Any CPU
		{E370C7AC-CB30-41AC-90A8-B9A6D726BF3E}.Release|x86.Build.0 = Release|Any CPU
	EndGlobalSection
	GlobalSection(SolutionProperties) = preSolution
		HideSolutionNode = FALSE
	EndGlobalSection
	GlobalSection(NestedProjects) = preSolution
		{5F8EBA30-3C27-4899-B4E7-74366F6A7532} = {827E0CD3-B72D-47B6-A68D-7590B98EB39B}
		{4F8B9DFF-014C-42C5-8562-D8ED70C4A8C1} = {827E0CD3-B72D-47B6-A68D-7590B98EB39B}
		{6DB12CA9-096F-4AB4-A206-36E0F6BF6731} = {827E0CD3-B72D-47B6-A68D-7590B98EB39B}
		{FE33ED6B-BF77-4C97-BACC-0887934733A2} = {827E0CD3-B72D-47B6-A68D-7590B98EB39B}
		{00ED0D98-9A61-4715-8747-4E81885EF1BD} = {827E0CD3-B72D-47B6-A68D-7590B98EB39B}
		{2C0A2817-6CD6-472C-87D3-094BEBDDBA20} = {827E0CD3-B72D-47B6-A68D-7590B98EB39B}
		{960E738B-3749-4E78-B53D-001F6BD7FB41} = {827E0CD3-B72D-47B6-A68D-7590B98EB39B}
		{DC5FF7F8-08D5-4D56-B2AC-EB2DFCE6AC9B} = {827E0CD3-B72D-47B6-A68D-7590B98EB39B}
		{20197C88-95E8-4146-A98B-58CC150DCB56} = {0AB3BF05-4346-4AA6-1389-037BE0695223}
		{ABB6C86E-E147-420F-BDC1-0BD1DE3E0FB5} = {0AB3BF05-4346-4AA6-1389-037BE0695223}
		{5AE1A81E-2DE0-46D1-94BE-32ADB07E7E09} = {0AB3BF05-4346-4AA6-1389-037BE0695223}
		{C51A68AB-E767-4938-9C16-6A0CFBF0A93A} = {0AB3BF05-4346-4AA6-1389-037BE0695223}
		{9359231F-B134-478D-9FA4-8A466AC50358} = {0AB3BF05-4346-4AA6-1389-037BE0695223}
		{E370C7AC-CB30-41AC-90A8-B9A6D726BF3E} = {0AB3BF05-4346-4AA6-1389-037BE0695223}
	EndGlobalSection
EndGlobal
